
Microsoft Visual Studio Solution File, Format Version 12.00
# Visual Studio 14
VisualStudioVersion = 14.0.25123.0
MinimumVisualStudioVersion = 10.0.40219.1
Project("{FAE04EC0-301F-11D3-BF4B-00C04F79EFBC}") = "Captain.Caps.Encryption", "Captain.Caps.Encryption\Captain.Caps.Encryption.csproj", "{DC03EEC4-1B23-4DB6-A465-0ECC17CF5CCA}"
EndProject
Global
	GlobalSection(SolutionConfigurationPlatforms) = preSolution
		Debug|Any CPU = Debug|Any CPU
		Release|Any CPU = Release|Any CPU
	EndGlobalSection
	GlobalSection(ProjectConfigurationPlatforms) = postSolution
		{DC03EEC4-1B23-4DB6-A465-0ECC17CF5CCA}.Debug|Any CPU.ActiveCfg = Debug|Any CPU
		{DC03EEC4-1B23-4DB6-A465-0ECC17CF5CCA}.Debug|Any CPU.Build.0 = Debug|Any CPU
		{DC03EEC4-1B23-4DB6-A465-0ECC17CF5CCA}.Release|Any CPU.ActiveCfg = Release|Any CPU
		{DC03EEC4-1B23-4DB6-A465-0ECC17CF5CCA}.Release|Any CPU.Build.0 = Release|Any CPU
	EndGlobalSection
	GlobalSection(SolutionProperties) = preSolution
		HideSolutionNode = FALSE
	EndGlobalSection
EndGlobal
